
Microsoft Visual Studio Solution File, Format Version 9.00
# Visual Studio 2005
Project("{FAE04EC0-301F-11D3-BF4B-00C04F79EFBC}") = "C2_03_SignEmptyField", "signatures\chapter2\C2_03_SignEmptyField\C2_03_SignEmptyField.csproj", "{C4D24DC9-D017-47CE-ABEA-465BD01831BA}"
EndProject
Project("{FAE04EC0-301F-11D3-BF4B-00C04F79EFBC}") = "itextsharp", "..\trunk\src\core\itextsharp.csproj", "{84C4FDD9-3ED7-453B-B9DA-B3ED52CB071C}"
EndProject
Project("{FAE04EC0-301F-11D3-BF4B-00C04F79EFBC}") = "C3_01_SignWithCAcert", "signatures\chapter3\C3_01_SignWithCAcert\C3_01_SignWithCAcert.csproj", "{3EF493AE-B0F5-45F0-98DA-54419307BE53}"
EndProject
Project("{2150E333-8FDC-42A3-9474-1A3956D46DE8}") = "chapter3", "chapter3", "{0CFDC521-82C9-4D5D-8DB1-BF8A08FA5A98}"
EndProject
Project("{2150E333-8FDC-42A3-9474-1A3956D46DE8}") = "chapter2", "chapter2", "{C9F968AB-79B5-41B7-8E90-3B2C9F0B808B}"
EndProject
Project("{2150E333-8FDC-42A3-9474-1A3956D46DE8}") = "signatures", "signatures", "{A8BCD569-2E80-442F-B37D-961CEFF9D8CC}"
EndProject
Project("{FAE04EC0-301F-11D3-BF4B-00C04F79EFBC}") = "C3_02_GetCrlUrl", "signatures\chapter3\C3_02_GetCrlUrl\C3_02_GetCrlUrl.csproj", "{D0207F92-2C71-421F-8B73-5A5BABC9A1BE}"
EndProject
Project("{FAE04EC0-301F-11D3-BF4B-00C04F79EFBC}") = "C3_03_SignWithCRLDefaultImp", "signatures\chapter3\C3_03_SignWithCRLDefaultImp\C3_03_SignWithCRLDefaultImp.csproj", "{86DB2B98-967F-45FF-9371-8C6D61CAB4B9}"
EndProject
Project("{FAE04EC0-301F-11D3-BF4B-00C04F79EFBC}") = "C3_04_SignWithCRLOnline", "signatures\chapter3\C3_04_SignWithCRLOnline\C3_04_SignWithCRLOnline.csproj", "{7176D8F9-78DB-462C-B51B-C62665E31389}"
EndProject
Project("{FAE04EC0-301F-11D3-BF4B-00C04F79EFBC}") = "C3_05_SignWithCRLOffline", "signatures\chapter3\C3_05_SignWithCRLOffline\C3_05_SignWithCRLOffline.csproj", "{E49C4689-5DCE-4DF4-BA1A-66E268F41DDB}"
EndProject
Project("{FAE04EC0-301F-11D3-BF4B-00C04F79EFBC}") = "C3_06_GetOcspUrl", "signatures\chapter3\C3_06_GetOcspUrl\C3_06_GetOcspUrl.csproj", "{7D34D55F-4868-4A1F-B8D1-BD2361F41CA8}"
EndProject
Project("{FAE04EC0-301F-11D3-BF4B-00C04F79EFBC}") = "C3_07_SignWithOCSP", "signatures\chapter3\C3_07_SignWithOCSP\C3_07_SignWithOCSP.csproj", "{2FFE11AB-7742-476F-B38C-6145704B6D64}"
EndProject
Project("{FAE04EC0-301F-11D3-BF4B-00C04F79EFBC}") = "C3_08_GetTsaUrl", "signatures\chapter3\C3_08_GetTsaUrl\C3_08_GetTsaUrl.csproj", "{962ECE73-3E25-419C-98B1-37E0049F3A9A}"
EndProject
Project("{FAE04EC0-301F-11D3-BF4B-00C04F79EFBC}") = "C3_09_SignWithTSA", "signatures\chapter3\C3_09_SignWithTSA\C3_09_SignWithTSA.csproj", "{25C6B5C5-7394-4202-8C4F-9BC1EF8A3D99}"
EndProject
Project("{FAE04EC0-301F-11D3-BF4B-00C04F79EFBC}") = "C3_10_SignWithTSAEvent", "signatures\chapter3\C3_10_SignWithTSAEvent\C3_10_SignWithTSAEvent.csproj", "{EBB36EA1-C883-4D60-9D62-026FBB1B5859}"
EndProject
Project("{FAE04EC0-301F-11D3-BF4B-00C04F79EFBC}") = "C3_11_SignWithToken", "signatures\chapter3\C3_11_SignWithToken\C3_11_SignWithToken.csproj", "{DC4FE6CF-752D-45E7-B254-E3D45849B142}"
EndProject
Project("{FAE04EC0-301F-11D3-BF4B-00C04F79EFBC}") = "C3_12_SignWithEstimatedSize", "signatures\chapter3\C3_12_SignWithEstimatedSize\C3_12_SignWithEstimatedSize.csproj", "{B3BF0D6A-21C5-436C-8836-DD7F35A39633}"
EndProject
Global
	GlobalSection(SolutionConfigurationPlatforms) = preSolution
		Debug|Any CPU = Debug|Any CPU
		Release|Any CPU = Release|Any CPU
	EndGlobalSection
	GlobalSection(ProjectConfigurationPlatforms) = postSolution
		{C4D24DC9-D017-47CE-ABEA-465BD01831BA}.Debug|Any CPU.ActiveCfg = Debug|Any CPU
		{C4D24DC9-D017-47CE-ABEA-465BD01831BA}.Debug|Any CPU.Build.0 = Debug|Any CPU
		{C4D24DC9-D017-47CE-ABEA-465BD01831BA}.Release|Any CPU.ActiveCfg = Release|Any CPU
		{C4D24DC9-D017-47CE-ABEA-465BD01831BA}.Release|Any CPU.Build.0 = Release|Any CPU
		{84C4FDD9-3ED7-453B-B9DA-B3ED52CB071C}.Debug|Any CPU.ActiveCfg = Debug|Any CPU
		{84C4FDD9-3ED7-453B-B9DA-B3ED52CB071C}.Debug|Any CPU.Build.0 = Debug|Any CPU
		{84C4FDD9-3ED7-453B-B9DA-B3ED52CB071C}.Release|Any CPU.ActiveCfg = Release|Any CPU
		{84C4FDD9-3ED7-453B-B9DA-B3ED52CB071C}.Release|Any CPU.Build.0 = Release|Any CPU
		{3EF493AE-B0F5-45F0-98DA-54419307BE53}.Debug|Any CPU.ActiveCfg = Debug|Any CPU
		{3EF493AE-B0F5-45F0-98DA-54419307BE53}.Debug|Any CPU.Build.0 = Debug|Any CPU
		{3EF493AE-B0F5-45F0-98DA-54419307BE53}.Release|Any CPU.ActiveCfg = Release|Any CPU
		{3EF493AE-B0F5-45F0-98DA-54419307BE53}.Release|Any CPU.Build.0 = Release|Any CPU
		{D0207F92-2C71-421F-8B73-5A5BABC9A1BE}.Debug|Any CPU.ActiveCfg = Debug|Any CPU
		{D0207F92-2C71-421F-8B73-5A5BABC9A1BE}.Debug|Any CPU.Build.0 = Debug|Any CPU
		{D0207F92-2C71-421F-8B73-5A5BABC9A1BE}.Release|Any CPU.ActiveCfg = Release|Any CPU
		{D0207F92-2C71-421F-8B73-5A5BABC9A1BE}.Release|Any CPU.Build.0 = Release|Any CPU
		{86DB2B98-967F-45FF-9371-8C6D61CAB4B9}.Debug|Any CPU.ActiveCfg = Debug|Any CPU
		{86DB2B98-967F-45FF-9371-8C6D61CAB4B9}.Debug|Any CPU.Build.0 = Debug|Any CPU
		{86DB2B98-967F-45FF-9371-8C6D61CAB4B9}.Release|Any CPU.ActiveCfg = Release|Any CPU
		{86DB2B98-967F-45FF-9371-8C6D61CAB4B9}.Release|Any CPU.Build.0 = Release|Any CPU
		{7176D8F9-78DB-462C-B51B-C62665E31389}.Debug|Any CPU.ActiveCfg = Debug|Any CPU
		{7176D8F9-78DB-462C-B51B-C62665E31389}.Debug|Any CPU.Build.0 = Debug|Any CPU
		{7176D8F9-78DB-462C-B51B-C62665E31389}.Release|Any CPU.ActiveCfg = Release|Any CPU
		{7176D8F9-78DB-462C-B51B-C62665E31389}.Release|Any CPU.Build.0 = Release|Any CPU
		{E49C4689-5DCE-4DF4-BA1A-66E268F41DDB}.Debug|Any CPU.ActiveCfg = Debug|Any CPU
		{E49C4689-5DCE-4DF4-BA1A-66E268F41DDB}.Debug|Any CPU.Build.0 = Debug|Any CPU
		{E49C4689-5DCE-4DF4-BA1A-66E268F41DDB}.Release|Any CPU.ActiveCfg = Release|Any CPU
		{E49C4689-5DCE-4DF4-BA1A-66E268F41DDB}.Release|Any CPU.Build.0 = Release|Any CPU
		{7D34D55F-4868-4A1F-B8D1-BD2361F41CA8}.Debug|Any CPU.ActiveCfg = Debug|Any CPU
		{7D34D55F-4868-4A1F-B8D1-BD2361F41CA8}.Debug|Any CPU.Build.0 = Debug|Any CPU
		{7D34D55F-4868-4A1F-B8D1-BD2361F41CA8}.Release|Any CPU.ActiveCfg = Release|Any CPU
		{7D34D55F-4868-4A1F-B8D1-BD2361F41CA8}.Release|Any CPU.Build.0 = Release|Any CPU
		{2FFE11AB-7742-476F-B38C-6145704B6D64}.Debug|Any CPU.ActiveCfg = Debug|Any CPU
		{2FFE11AB-7742-476F-B38C-6145704B6D64}.Debug|Any CPU.Build.0 = Debug|Any CPU
		{2FFE11AB-7742-476F-B38C-6145704B6D64}.Release|Any CPU.ActiveCfg = Release|Any CPU
		{2FFE11AB-7742-476F-B38C-6145704B6D64}.Release|Any CPU.Build.0 = Release|Any CPU
		{962ECE73-3E25-419C-98B1-37E0049F3A9A}.Debug|Any CPU.ActiveCfg = Debug|Any CPU
		{962ECE73-3E25-419C-98B1-37E0049F3A9A}.Debug|Any CPU.Build.0 = Debug|Any CPU
		{962ECE73-3E25-419C-98B1-37E0049F3A9A}.Release|Any CPU.ActiveCfg = Release|Any CPU
		{962ECE73-3E25-419C-98B1-37E0049F3A9A}.Release|Any CPU.Build.0 = Release|Any CPU
		{25C6B5C5-7394-4202-8C4F-9BC1EF8A3D99}.Debug|Any CPU.ActiveCfg = Debug|Any CPU
		{25C6B5C5-7394-4202-8C4F-9BC1EF8A3D99}.Debug|Any CPU.Build.0 = Debug|Any CPU
		{25C6B5C5-7394-4202-8C4F-9BC1EF8A3D99}.Release|Any CPU.ActiveCfg = Release|Any CPU
		{25C6B5C5-7394-4202-8C4F-9BC1EF8A3D99}.Release|Any CPU.Build.0 = Release|Any CPU
		{EBB36EA1-C883-4D60-9D62-026FBB1B5859}.Debug|Any CPU.ActiveCfg = Debug|Any CPU
		{EBB36EA1-C883-4D60-9D62-026FBB1B5859}.Debug|Any CPU.Build.0 = Debug|Any CPU
		{EBB36EA1-C883-4D60-9D62-026FBB1B5859}.Release|Any CPU.ActiveCfg = Release|Any CPU
		{EBB36EA1-C883-4D60-9D62-026FBB1B5859}.Release|Any CPU.Build.0 = Release|Any CPU
		{DC4FE6CF-752D-45E7-B254-E3D45849B142}.Debug|Any CPU.ActiveCfg = Debug|Any CPU
		{DC4FE6CF-752D-45E7-B254-E3D45849B142}.Debug|Any CPU.Build.0 = Debug|Any CPU
		{DC4FE6CF-752D-45E7-B254-E3D45849B142}.Release|Any CPU.ActiveCfg = Release|Any CPU
		{DC4FE6CF-752D-45E7-B254-E3D45849B142}.Release|Any CPU.Build.0 = Release|Any CPU
		{B3BF0D6A-21C5-436C-8836-DD7F35A39633}.Debug|Any CPU.ActiveCfg = Debug|Any CPU
		{B3BF0D6A-21C5-436C-8836-DD7F35A39633}.Debug|Any CPU.Build.0 = Debug|Any CPU
		{B3BF0D6A-21C5-436C-8836-DD7F35A39633}.Release|Any CPU.ActiveCfg = Release|Any CPU
		{B3BF0D6A-21C5-436C-8836-DD7F35A39633}.Release|Any CPU.Build.0 = Release|Any CPU
	EndGlobalSection
	GlobalSection(SolutionProperties) = preSolution
		HideSolutionNode = FALSE
	EndGlobalSection
	GlobalSection(NestedProjects) = preSolution
		{0CFDC521-82C9-4D5D-8DB1-BF8A08FA5A98} = {A8BCD569-2E80-442F-B37D-961CEFF9D8CC}
		{C9F968AB-79B5-41B7-8E90-3B2C9F0B808B} = {A8BCD569-2E80-442F-B37D-961CEFF9D8CC}
		{3EF493AE-B0F5-45F0-98DA-54419307BE53} = {0CFDC521-82C9-4D5D-8DB1-BF8A08FA5A98}
		{D0207F92-2C71-421F-8B73-5A5BABC9A1BE} = {0CFDC521-82C9-4D5D-8DB1-BF8A08FA5A98}
		{86DB2B98-967F-45FF-9371-8C6D61CAB4B9} = {0CFDC521-82C9-4D5D-8DB1-BF8A08FA5A98}
		{7176D8F9-78DB-462C-B51B-C62665E31389} = {0CFDC521-82C9-4D5D-8DB1-BF8A08FA5A98}
		{E49C4689-5DCE-4DF4-BA1A-66E268F41DDB} = {0CFDC521-82C9-4D5D-8DB1-BF8A08FA5A98}
		{7D34D55F-4868-4A1F-B8D1-BD2361F41CA8} = {0CFDC521-82C9-4D5D-8DB1-BF8A08FA5A98}
		{2FFE11AB-7742-476F-B38C-6145704B6D64} = {0CFDC521-82C9-4D5D-8DB1-BF8A08FA5A98}
		{962ECE73-3E25-419C-98B1-37E0049F3A9A} = {0CFDC521-82C9-4D5D-8DB1-BF8A08FA5A98}
		{25C6B5C5-7394-4202-8C4F-9BC1EF8A3D99} = {0CFDC521-82C9-4D5D-8DB1-BF8A08FA5A98}
		{EBB36EA1-C883-4D60-9D62-026FBB1B5859} = {0CFDC521-82C9-4D5D-8DB1-BF8A08FA5A98}
		{DC4FE6CF-752D-45E7-B254-E3D45849B142} = {0CFDC521-82C9-4D5D-8DB1-BF8A08FA5A98}
		{B3BF0D6A-21C5-436C-8836-DD7F35A39633} = {0CFDC521-82C9-4D5D-8DB1-BF8A08FA5A98}
		{C4D24DC9-D017-47CE-ABEA-465BD01831BA} = {C9F968AB-79B5-41B7-8E90-3B2C9F0B808B}
	EndGlobalSection
EndGlobal
