
Microsoft Visual Studio Solution File, Format Version 9.00
# Visual Studio 2005
Project("{FAE04EC0-301F-11D3-BF4B-00C04F79EFBC}") = "C2_03_SignEmptyField", "signatures\chapter2\C2_03_SignEmptyField\C2_03_SignEmptyField.csproj", "{C4D24DC9-D017-47CE-ABEA-465BD01831BA}"
EndProject
Project("{FAE04EC0-301F-11D3-BF4B-00C04F79EFBC}") = "itextsharp", "..\trunk\src\core\itextsharp.csproj", "{84C4FDD9-3ED7-453B-B9DA-B3ED52CB071C}"
EndProject
Project("{FAE04EC0-301F-11D3-BF4B-00C04F79EFBC}") = "C3_01_SignWithCAcert", "signatures\chapter3\C3_01_SignWithCAcert\C3_01_SignWithCAcert.csproj", "{3EF493AE-B0F5-45F0-98DA-54419307BE53}"
EndProject
Project("{2150E333-8FDC-42A3-9474-1A3956D46DE8}") = "chapter3", "chapter3", "{0CFDC521-82C9-4D5D-8DB1-BF8A08FA5A98}"
EndProject
Project("{2150E333-8FDC-42A3-9474-1A3956D46DE8}") = "chapter2", "chapter2", "{C9F968AB-79B5-41B7-8E90-3B2C9F0B808B}"
EndProject
Project("{2150E333-8FDC-42A3-9474-1A3956D46DE8}") = "signatures", "signatures", "{A8BCD569-2E80-442F-B37D-961CEFF9D8CC}"
EndProject
Project("{FAE04EC0-301F-11D3-BF4B-00C04F79EFBC}") = "C3_02_GetCrlUrl", "signatures\chapter3\C3_02_GetCrlUrl\C3_02_GetCrlUrl.csproj", "{D0207F92-2C71-421F-8B73-5A5BABC9A1BE}"
EndProject
Project("{2150E333-8FDC-42A3-9474-1A3956D46DE8}") = "chapter1", "chapter1", "{30D366AA-8077-4BE7-979D-3D4F0A75CFAE}"
EndProject
Project("{FAE04EC0-301F-11D3-BF4B-00C04F79EFBC}") = "C1_01_DigestDefault", "signatures\chapter1\C1_01_DigestDefault\C1_01_DigestDefault.csproj", "{1A0E5FC0-0B81-4044-B23E-9AC168864A53}"
EndProject
Project("{FAE04EC0-301F-11D3-BF4B-00C04F79EFBC}") = "C1_02_DigestBC", "signatures\chapter1\C1_02_DigestBC\C1_02_DigestBC.csproj", "{9BE267AD-5974-4A76-9417-F0D79F65C7C5}"
EndProject
Project("{FAE04EC0-301F-11D3-BF4B-00C04F79EFBC}") = "C1_03_EncryptDecrypt", "signatures\chapter1\C1_03_EncryptDecrypt\C1_03_EncryptDecrypt.csproj", "{5EAE48E5-CE54-4190-B99D-D3288E09DBB5}"
EndProject
Project("{FAE04EC0-301F-11D3-BF4B-00C04F79EFBC}") = "C2_01_SignHelloWorld", "signatures\chapter2\C2_01_SignHelloWorld\C2_01_SignHelloWorld.csproj", "{3BE26B68-12A2-44E6-AB4B-43CE1C57E36D}"
EndProject
Project("{FAE04EC0-301F-11D3-BF4B-00C04F79EFBC}") = "C2_02_SignHelloWorldWithTempFile", "signatures\chapter2\C2_02_SignHelloWorldWithTempFile\C2_02_SignHelloWorldWithTempFile.csproj", "{53C2EA84-0AA1-4675-8541-18BFD4200D78}"
EndProject
Project("{FAE04EC0-301F-11D3-BF4B-00C04F79EFBC}") = "C2_04_CreateEmptyField", "signatures\chapter2\C2_04_CreateEmptyField\C2_04_CreateEmptyField.csproj", "{5B18B6C2-2A26-4AAA-BB3F-91FC7A066856}"
EndProject
Project("{FAE04EC0-301F-11D3-BF4B-00C04F79EFBC}") = "C2_05_CustomAppearance", "signatures\chapter2\C2_05_CustomAppearance\C2_05_CustomAppearance.csproj", "{DD6D2214-0313-4D22-94E5-0E753C44397A}"
EndProject
Project("{FAE04EC0-301F-11D3-BF4B-00C04F79EFBC}") = "C2_06_SignatureAppearance", "signatures\chapter2\C2_06_SignatureAppearance\C2_06_SignatureAppearance.csproj", "{29157FD0-A74D-4C62-8382-0C84E7A1BA3A}"
EndProject
Project("{FAE04EC0-301F-11D3-BF4B-00C04F79EFBC}") = "C2_07_SignatureAppearances", "signatures\chapter2\C2_07_SignatureAppearances\C2_07_SignatureAppearances.csproj", "{2DFBE78B-5877-45D4-93A2-DFA5C4A3CB37}"
EndProject
Project("{FAE04EC0-301F-11D3-BF4B-00C04F79EFBC}") = "C2_08_SignatureMetadata", "signatures\chapter2\C2_08_SignatureMetadata\C2_08_SignatureMetadata.csproj", "{B657A4F9-DFB7-4D45-B37E-CB5CEE6EF7E8}"
EndProject
Project("{FAE04EC0-301F-11D3-BF4B-00C04F79EFBC}") = "C2_09_SignatureTypes", "signatures\chapter2\C2_09_SignatureTypes\C2_09_SignatureTypes.csproj", "{6632A04F-73D3-46A1-A365-E32EAF2E6AB6}"
EndProject
Project("{FAE04EC0-301F-11D3-BF4B-00C04F79EFBC}") = "C2_10_SequentialSignatures", "signatures\chapter2\C2_10_SequentialSignatures\C2_10_SequentialSignatures.csproj", "{A619EE35-F932-47D3-A19A-6584B32C2A6F}"
EndProject
Project("{FAE04EC0-301F-11D3-BF4B-00C04F79EFBC}") = "C2_11_SignatureWorkflow", "signatures\chapter2\C2_11_SignatureWorkflow\C2_11_SignatureWorkflow.csproj", "{C2C75043-5940-4862-AA37-F7F63891F0E6}"
EndProject
Project("{FAE04EC0-301F-11D3-BF4B-00C04F79EFBC}") = "C2_12_LockFields", "signatures\chapter2\C2_12_LockFields\C2_12_LockFields.csproj", "{E8539215-D58C-4FA7-9F79-FAFD96A8F837}"
EndProject
Project("{FAE04EC0-301F-11D3-BF4B-00C04F79EFBC}") = "C3_03_SignWithCRLDefaultImp", "signatures\chapter3\C3_03_SignWithCRLDefaultImp\C3_03_SignWithCRLDefaultImp.csproj", "{86DB2B98-967F-45FF-9371-8C6D61CAB4B9}"
EndProject
Project("{FAE04EC0-301F-11D3-BF4B-00C04F79EFBC}") = "C3_04_SignWithCRLOnline", "signatures\chapter3\C3_04_SignWithCRLOnline\C3_04_SignWithCRLOnline.csproj", "{7176D8F9-78DB-462C-B51B-C62665E31389}"
EndProject
Project("{FAE04EC0-301F-11D3-BF4B-00C04F79EFBC}") = "C3_05_SignWithCRLOffline", "signatures\chapter3\C3_05_SignWithCRLOffline\C3_05_SignWithCRLOffline.csproj", "{E49C4689-5DCE-4DF4-BA1A-66E268F41DDB}"
EndProject
Project("{FAE04EC0-301F-11D3-BF4B-00C04F79EFBC}") = "C3_06_GetOcspUrl", "signatures\chapter3\C3_06_GetOcspUrl\C3_06_GetOcspUrl.csproj", "{7D34D55F-4868-4A1F-B8D1-BD2361F41CA8}"
EndProject
Project("{FAE04EC0-301F-11D3-BF4B-00C04F79EFBC}") = "C3_07_SignWithOCSP", "signatures\chapter3\C3_07_SignWithOCSP\C3_07_SignWithOCSP.csproj", "{2FFE11AB-7742-476F-B38C-6145704B6D64}"
EndProject
Project("{FAE04EC0-301F-11D3-BF4B-00C04F79EFBC}") = "C3_08_GetTsaUrl", "signatures\chapter3\C3_08_GetTsaUrl\C3_08_GetTsaUrl.csproj", "{962ECE73-3E25-419C-98B1-37E0049F3A9A}"
EndProject
Project("{FAE04EC0-301F-11D3-BF4B-00C04F79EFBC}") = "C3_09_SignWithTSA", "signatures\chapter3\C3_09_SignWithTSA\C3_09_SignWithTSA.csproj", "{25C6B5C5-7394-4202-8C4F-9BC1EF8A3D99}"
EndProject
Project("{FAE04EC0-301F-11D3-BF4B-00C04F79EFBC}") = "C3_10_SignWithTSAEvent", "signatures\chapter3\C3_10_SignWithTSAEvent\C3_10_SignWithTSAEvent.csproj", "{EBB36EA1-C883-4D60-9D62-026FBB1B5859}"
EndProject
Project("{FAE04EC0-301F-11D3-BF4B-00C04F79EFBC}") = "C3_11_SignWithToken", "signatures\chapter3\C3_11_SignWithToken\C3_11_SignWithToken.csproj", "{DC4FE6CF-752D-45E7-B254-E3D45849B142}"
EndProject
Project("{FAE04EC0-301F-11D3-BF4B-00C04F79EFBC}") = "C3_12_SignWithEstimatedSize", "signatures\chapter3\C3_12_SignWithEstimatedSize\C3_12_SignWithEstimatedSize.csproj", "{B3BF0D6A-21C5-436C-8836-DD7F35A39633}"
EndProject
Project("{2150E333-8FDC-42A3-9474-1A3956D46DE8}") = "chapter5", "chapter5", "{1ABC10CE-5532-46BC-BC51-10E052A379A7}"
EndProject
Project("{FAE04EC0-301F-11D3-BF4B-00C04F79EFBC}") = "C5_01_SignatureIntegrity", "signatures\chapter5\C5_01_SignatureIntegrity\C5_01_SignatureIntegrity.csproj", "{16E2663A-1DCA-4043-9D09-4E29471F1298}"
EndProject
Project("{FAE04EC0-301F-11D3-BF4B-00C04F79EFBC}") = "C5_02_SignatureInfo", "signatures\chapter5\C5_02_SignatureInfo\C5_02_SignatureInfo.csproj", "{88D505D7-933D-4B0A-8F69-98B83E1B0CDA}"
EndProject
Project("{FAE04EC0-301F-11D3-BF4B-00C04F79EFBC}") = "C5_03_CertificateValidation", "signatures\chapter5\C5_03_CertificateValidation\C5_03_CertificateValidation.csproj", "{4F271231-98AB-4233-B900-C998495A75F8}"
EndProject
Project("{FAE04EC0-301F-11D3-BF4B-00C04F79EFBC}") = "C5_04_LTV", "signatures\chapter5\C5_04_LTV\C5_04_LTV.csproj", "{2309206A-8F46-4840-9825-4C183C633CD6}"
EndProject
Project("{FAE04EC0-301F-11D3-BF4B-00C04F79EFBC}") = "C5_05_CheckLTV", "signatures\chapter5\C5_05_CheckLTV\C5_05_CheckLTV.csproj", "{035AF7A5-A381-44F5-870A-8C2B248BC3E3}"
EndProject
Project("{FAE04EC0-301F-11D3-BF4B-00C04F79EFBC}") = "C5_06_ValidateLTV", "signatures\chapter5\C5_06_ValidateLTV\C5_06_ValidateLTV.csproj", "{8AE11144-F933-4F25-8619-345B222D0AA0}"
EndProject
Project("{2150E333-8FDC-42A3-9474-1A3956D46DE8}") = "chapter4", "chapter4", "{49B39BCD-9483-44D0-83E4-E3209526BE8B}"
EndProject
Project("{FAE04EC0-301F-11D3-BF4B-00C04F79EFBC}") = "C4_03_SignWithPKCS11SC", "signatures\chapter4\C4_03_SignWithPKCS11SC\C4_03_SignWithPKCS11SC.csproj", "{91132AF4-BB45-47B6-A1EC-8ABDBD7D25FC}"
EndProject
Project("{FAE04EC0-301F-11D3-BF4B-00C04F79EFBC}") = "C4_07_ClientServerSigning", "signatures\chapter4\C4_07_ClientServerSigning\C4_07_ClientServerSigning.csproj", "{8EA1DEEF-67D3-4EF3-BA46-2F136D6425CD}"
EndProject
Project("{FAE04EC0-301F-11D3-BF4B-00C04F79EFBC}") = "C4_08_ServerClientSigning", "signatures\chapter4\C4_08_ServerClientSigning\C4_08_ServerClientSigning.csproj", "{5BC6F6A9-6771-4042-9CE9-49207B25AD77}"
EndProject
Global
	GlobalSection(SolutionConfigurationPlatforms) = preSolution
		Debug|Any CPU = Debug|Any CPU
		Release|Any CPU = Release|Any CPU
	EndGlobalSection
	GlobalSection(ProjectConfigurationPlatforms) = postSolution
		{C4D24DC9-D017-47CE-ABEA-465BD01831BA}.Debug|Any CPU.ActiveCfg = Debug|Any CPU
		{C4D24DC9-D017-47CE-ABEA-465BD01831BA}.Debug|Any CPU.Build.0 = Debug|Any CPU
		{C4D24DC9-D017-47CE-ABEA-465BD01831BA}.Release|Any CPU.ActiveCfg = Release|Any CPU
		{C4D24DC9-D017-47CE-ABEA-465BD01831BA}.Release|Any CPU.Build.0 = Release|Any CPU
		{84C4FDD9-3ED7-453B-B9DA-B3ED52CB071C}.Debug|Any CPU.ActiveCfg = Debug|Any CPU
		{84C4FDD9-3ED7-453B-B9DA-B3ED52CB071C}.Debug|Any CPU.Build.0 = Debug|Any CPU
		{84C4FDD9-3ED7-453B-B9DA-B3ED52CB071C}.Release|Any CPU.ActiveCfg = Release|Any CPU
		{84C4FDD9-3ED7-453B-B9DA-B3ED52CB071C}.Release|Any CPU.Build.0 = Release|Any CPU
		{3EF493AE-B0F5-45F0-98DA-54419307BE53}.Debug|Any CPU.ActiveCfg = Debug|Any CPU
		{3EF493AE-B0F5-45F0-98DA-54419307BE53}.Debug|Any CPU.Build.0 = Debug|Any CPU
		{3EF493AE-B0F5-45F0-98DA-54419307BE53}.Release|Any CPU.ActiveCfg = Release|Any CPU
		{3EF493AE-B0F5-45F0-98DA-54419307BE53}.Release|Any CPU.Build.0 = Release|Any CPU
		{D0207F92-2C71-421F-8B73-5A5BABC9A1BE}.Debug|Any CPU.ActiveCfg = Debug|Any CPU
		{D0207F92-2C71-421F-8B73-5A5BABC9A1BE}.Debug|Any CPU.Build.0 = Debug|Any CPU
		{D0207F92-2C71-421F-8B73-5A5BABC9A1BE}.Release|Any CPU.ActiveCfg = Release|Any CPU
		{D0207F92-2C71-421F-8B73-5A5BABC9A1BE}.Release|Any CPU.Build.0 = Release|Any CPU
		{1A0E5FC0-0B81-4044-B23E-9AC168864A53}.Debug|Any CPU.ActiveCfg = Debug|Any CPU
		{1A0E5FC0-0B81-4044-B23E-9AC168864A53}.Debug|Any CPU.Build.0 = Debug|Any CPU
		{1A0E5FC0-0B81-4044-B23E-9AC168864A53}.Release|Any CPU.ActiveCfg = Release|Any CPU
		{1A0E5FC0-0B81-4044-B23E-9AC168864A53}.Release|Any CPU.Build.0 = Release|Any CPU
		{9BE267AD-5974-4A76-9417-F0D79F65C7C5}.Debug|Any CPU.ActiveCfg = Debug|Any CPU
		{9BE267AD-5974-4A76-9417-F0D79F65C7C5}.Debug|Any CPU.Build.0 = Debug|Any CPU
		{9BE267AD-5974-4A76-9417-F0D79F65C7C5}.Release|Any CPU.ActiveCfg = Release|Any CPU
		{9BE267AD-5974-4A76-9417-F0D79F65C7C5}.Release|Any CPU.Build.0 = Release|Any CPU
		{5EAE48E5-CE54-4190-B99D-D3288E09DBB5}.Debug|Any CPU.ActiveCfg = Debug|Any CPU
		{5EAE48E5-CE54-4190-B99D-D3288E09DBB5}.Debug|Any CPU.Build.0 = Debug|Any CPU
		{5EAE48E5-CE54-4190-B99D-D3288E09DBB5}.Release|Any CPU.ActiveCfg = Release|Any CPU
		{5EAE48E5-CE54-4190-B99D-D3288E09DBB5}.Release|Any CPU.Build.0 = Release|Any CPU
		{3BE26B68-12A2-44E6-AB4B-43CE1C57E36D}.Debug|Any CPU.ActiveCfg = Debug|Any CPU
		{3BE26B68-12A2-44E6-AB4B-43CE1C57E36D}.Debug|Any CPU.Build.0 = Debug|Any CPU
		{3BE26B68-12A2-44E6-AB4B-43CE1C57E36D}.Release|Any CPU.ActiveCfg = Release|Any CPU
		{3BE26B68-12A2-44E6-AB4B-43CE1C57E36D}.Release|Any CPU.Build.0 = Release|Any CPU
		{53C2EA84-0AA1-4675-8541-18BFD4200D78}.Debug|Any CPU.ActiveCfg = Debug|Any CPU
		{53C2EA84-0AA1-4675-8541-18BFD4200D78}.Debug|Any CPU.Build.0 = Debug|Any CPU
		{53C2EA84-0AA1-4675-8541-18BFD4200D78}.Release|Any CPU.ActiveCfg = Release|Any CPU
		{53C2EA84-0AA1-4675-8541-18BFD4200D78}.Release|Any CPU.Build.0 = Release|Any CPU
		{5B18B6C2-2A26-4AAA-BB3F-91FC7A066856}.Debug|Any CPU.ActiveCfg = Debug|Any CPU
		{5B18B6C2-2A26-4AAA-BB3F-91FC7A066856}.Debug|Any CPU.Build.0 = Debug|Any CPU
		{5B18B6C2-2A26-4AAA-BB3F-91FC7A066856}.Release|Any CPU.ActiveCfg = Release|Any CPU
		{5B18B6C2-2A26-4AAA-BB3F-91FC7A066856}.Release|Any CPU.Build.0 = Release|Any CPU
		{DD6D2214-0313-4D22-94E5-0E753C44397A}.Debug|Any CPU.ActiveCfg = Debug|Any CPU
		{DD6D2214-0313-4D22-94E5-0E753C44397A}.Debug|Any CPU.Build.0 = Debug|Any CPU
		{DD6D2214-0313-4D22-94E5-0E753C44397A}.Release|Any CPU.ActiveCfg = Release|Any CPU
		{DD6D2214-0313-4D22-94E5-0E753C44397A}.Release|Any CPU.Build.0 = Release|Any CPU
		{29157FD0-A74D-4C62-8382-0C84E7A1BA3A}.Debug|Any CPU.ActiveCfg = Debug|Any CPU
		{29157FD0-A74D-4C62-8382-0C84E7A1BA3A}.Debug|Any CPU.Build.0 = Debug|Any CPU
		{29157FD0-A74D-4C62-8382-0C84E7A1BA3A}.Release|Any CPU.ActiveCfg = Release|Any CPU
		{29157FD0-A74D-4C62-8382-0C84E7A1BA3A}.Release|Any CPU.Build.0 = Release|Any CPU
		{2DFBE78B-5877-45D4-93A2-DFA5C4A3CB37}.Debug|Any CPU.ActiveCfg = Debug|Any CPU
		{2DFBE78B-5877-45D4-93A2-DFA5C4A3CB37}.Debug|Any CPU.Build.0 = Debug|Any CPU
		{2DFBE78B-5877-45D4-93A2-DFA5C4A3CB37}.Release|Any CPU.ActiveCfg = Release|Any CPU
		{2DFBE78B-5877-45D4-93A2-DFA5C4A3CB37}.Release|Any CPU.Build.0 = Release|Any CPU
		{B657A4F9-DFB7-4D45-B37E-CB5CEE6EF7E8}.Debug|Any CPU.ActiveCfg = Debug|Any CPU
		{B657A4F9-DFB7-4D45-B37E-CB5CEE6EF7E8}.Debug|Any CPU.Build.0 = Debug|Any CPU
		{B657A4F9-DFB7-4D45-B37E-CB5CEE6EF7E8}.Release|Any CPU.ActiveCfg = Release|Any CPU
		{B657A4F9-DFB7-4D45-B37E-CB5CEE6EF7E8}.Release|Any CPU.Build.0 = Release|Any CPU
		{6632A04F-73D3-46A1-A365-E32EAF2E6AB6}.Debug|Any CPU.ActiveCfg = Debug|Any CPU
		{6632A04F-73D3-46A1-A365-E32EAF2E6AB6}.Debug|Any CPU.Build.0 = Debug|Any CPU
		{6632A04F-73D3-46A1-A365-E32EAF2E6AB6}.Release|Any CPU.ActiveCfg = Release|Any CPU
		{6632A04F-73D3-46A1-A365-E32EAF2E6AB6}.Release|Any CPU.Build.0 = Release|Any CPU
		{A619EE35-F932-47D3-A19A-6584B32C2A6F}.Debug|Any CPU.ActiveCfg = Debug|Any CPU
		{A619EE35-F932-47D3-A19A-6584B32C2A6F}.Debug|Any CPU.Build.0 = Debug|Any CPU
		{A619EE35-F932-47D3-A19A-6584B32C2A6F}.Release|Any CPU.ActiveCfg = Release|Any CPU
		{A619EE35-F932-47D3-A19A-6584B32C2A6F}.Release|Any CPU.Build.0 = Release|Any CPU
		{C2C75043-5940-4862-AA37-F7F63891F0E6}.Debug|Any CPU.ActiveCfg = Debug|Any CPU
		{C2C75043-5940-4862-AA37-F7F63891F0E6}.Debug|Any CPU.Build.0 = Debug|Any CPU
		{C2C75043-5940-4862-AA37-F7F63891F0E6}.Release|Any CPU.ActiveCfg = Release|Any CPU
		{C2C75043-5940-4862-AA37-F7F63891F0E6}.Release|Any CPU.Build.0 = Release|Any CPU
		{E8539215-D58C-4FA7-9F79-FAFD96A8F837}.Debug|Any CPU.ActiveCfg = Debug|Any CPU
		{E8539215-D58C-4FA7-9F79-FAFD96A8F837}.Debug|Any CPU.Build.0 = Debug|Any CPU
		{E8539215-D58C-4FA7-9F79-FAFD96A8F837}.Release|Any CPU.ActiveCfg = Release|Any CPU
		{E8539215-D58C-4FA7-9F79-FAFD96A8F837}.Release|Any CPU.Build.0 = Release|Any CPU
		{86DB2B98-967F-45FF-9371-8C6D61CAB4B9}.Debug|Any CPU.ActiveCfg = Debug|Any CPU
		{86DB2B98-967F-45FF-9371-8C6D61CAB4B9}.Debug|Any CPU.Build.0 = Debug|Any CPU
		{86DB2B98-967F-45FF-9371-8C6D61CAB4B9}.Release|Any CPU.ActiveCfg = Release|Any CPU
		{86DB2B98-967F-45FF-9371-8C6D61CAB4B9}.Release|Any CPU.Build.0 = Release|Any CPU
		{7176D8F9-78DB-462C-B51B-C62665E31389}.Debug|Any CPU.ActiveCfg = Debug|Any CPU
		{7176D8F9-78DB-462C-B51B-C62665E31389}.Debug|Any CPU.Build.0 = Debug|Any CPU
		{7176D8F9-78DB-462C-B51B-C62665E31389}.Release|Any CPU.ActiveCfg = Release|Any CPU
		{7176D8F9-78DB-462C-B51B-C62665E31389}.Release|Any CPU.Build.0 = Release|Any CPU
		{E49C4689-5DCE-4DF4-BA1A-66E268F41DDB}.Debug|Any CPU.ActiveCfg = Debug|Any CPU
		{E49C4689-5DCE-4DF4-BA1A-66E268F41DDB}.Debug|Any CPU.Build.0 = Debug|Any CPU
		{E49C4689-5DCE-4DF4-BA1A-66E268F41DDB}.Release|Any CPU.ActiveCfg = Release|Any CPU
		{E49C4689-5DCE-4DF4-BA1A-66E268F41DDB}.Release|Any CPU.Build.0 = Release|Any CPU
		{7D34D55F-4868-4A1F-B8D1-BD2361F41CA8}.Debug|Any CPU.ActiveCfg = Debug|Any CPU
		{7D34D55F-4868-4A1F-B8D1-BD2361F41CA8}.Debug|Any CPU.Build.0 = Debug|Any CPU
		{7D34D55F-4868-4A1F-B8D1-BD2361F41CA8}.Release|Any CPU.ActiveCfg = Release|Any CPU
		{7D34D55F-4868-4A1F-B8D1-BD2361F41CA8}.Release|Any CPU.Build.0 = Release|Any CPU
		{2FFE11AB-7742-476F-B38C-6145704B6D64}.Debug|Any CPU.ActiveCfg = Debug|Any CPU
		{2FFE11AB-7742-476F-B38C-6145704B6D64}.Debug|Any CPU.Build.0 = Debug|Any CPU
		{2FFE11AB-7742-476F-B38C-6145704B6D64}.Release|Any CPU.ActiveCfg = Release|Any CPU
		{2FFE11AB-7742-476F-B38C-6145704B6D64}.Release|Any CPU.Build.0 = Release|Any CPU
		{962ECE73-3E25-419C-98B1-37E0049F3A9A}.Debug|Any CPU.ActiveCfg = Debug|Any CPU
		{962ECE73-3E25-419C-98B1-37E0049F3A9A}.Debug|Any CPU.Build.0 = Debug|Any CPU
		{962ECE73-3E25-419C-98B1-37E0049F3A9A}.Release|Any CPU.ActiveCfg = Release|Any CPU
		{962ECE73-3E25-419C-98B1-37E0049F3A9A}.Release|Any CPU.Build.0 = Release|Any CPU
		{25C6B5C5-7394-4202-8C4F-9BC1EF8A3D99}.Debug|Any CPU.ActiveCfg = Debug|Any CPU
		{25C6B5C5-7394-4202-8C4F-9BC1EF8A3D99}.Debug|Any CPU.Build.0 = Debug|Any CPU
		{25C6B5C5-7394-4202-8C4F-9BC1EF8A3D99}.Release|Any CPU.ActiveCfg = Release|Any CPU
		{25C6B5C5-7394-4202-8C4F-9BC1EF8A3D99}.Release|Any CPU.Build.0 = Release|Any CPU
		{EBB36EA1-C883-4D60-9D62-026FBB1B5859}.Debug|Any CPU.ActiveCfg = Debug|Any CPU
		{EBB36EA1-C883-4D60-9D62-026FBB1B5859}.Debug|Any CPU.Build.0 = Debug|Any CPU
		{EBB36EA1-C883-4D60-9D62-026FBB1B5859}.Release|Any CPU.ActiveCfg = Release|Any CPU
		{EBB36EA1-C883-4D60-9D62-026FBB1B5859}.Release|Any CPU.Build.0 = Release|Any CPU
		{DC4FE6CF-752D-45E7-B254-E3D45849B142}.Debug|Any CPU.ActiveCfg = Debug|Any CPU
		{DC4FE6CF-752D-45E7-B254-E3D45849B142}.Debug|Any CPU.Build.0 = Debug|Any CPU
		{DC4FE6CF-752D-45E7-B254-E3D45849B142}.Release|Any CPU.ActiveCfg = Release|Any CPU
		{DC4FE6CF-752D-45E7-B254-E3D45849B142}.Release|Any CPU.Build.0 = Release|Any CPU
		{B3BF0D6A-21C5-436C-8836-DD7F35A39633}.Debug|Any CPU.ActiveCfg = Debug|Any CPU
		{B3BF0D6A-21C5-436C-8836-DD7F35A39633}.Debug|Any CPU.Build.0 = Debug|Any CPU
		{B3BF0D6A-21C5-436C-8836-DD7F35A39633}.Release|Any CPU.ActiveCfg = Release|Any CPU
		{B3BF0D6A-21C5-436C-8836-DD7F35A39633}.Release|Any CPU.Build.0 = Release|Any CPU
		{16E2663A-1DCA-4043-9D09-4E29471F1298}.Debug|Any CPU.ActiveCfg = Debug|Any CPU
		{16E2663A-1DCA-4043-9D09-4E29471F1298}.Debug|Any CPU.Build.0 = Debug|Any CPU
		{16E2663A-1DCA-4043-9D09-4E29471F1298}.Release|Any CPU.ActiveCfg = Release|Any CPU
		{16E2663A-1DCA-4043-9D09-4E29471F1298}.Release|Any CPU.Build.0 = Release|Any CPU
		{88D505D7-933D-4B0A-8F69-98B83E1B0CDA}.Debug|Any CPU.ActiveCfg = Debug|Any CPU
		{88D505D7-933D-4B0A-8F69-98B83E1B0CDA}.Debug|Any CPU.Build.0 = Debug|Any CPU
		{88D505D7-933D-4B0A-8F69-98B83E1B0CDA}.Release|Any CPU.ActiveCfg = Release|Any CPU
		{88D505D7-933D-4B0A-8F69-98B83E1B0CDA}.Release|Any CPU.Build.0 = Release|Any CPU
		{4F271231-98AB-4233-B900-C998495A75F8}.Debug|Any CPU.ActiveCfg = Debug|Any CPU
		{4F271231-98AB-4233-B900-C998495A75F8}.Debug|Any CPU.Build.0 = Debug|Any CPU
		{4F271231-98AB-4233-B900-C998495A75F8}.Release|Any CPU.ActiveCfg = Release|Any CPU
		{4F271231-98AB-4233-B900-C998495A75F8}.Release|Any CPU.Build.0 = Release|Any CPU
		{2309206A-8F46-4840-9825-4C183C633CD6}.Debug|Any CPU.ActiveCfg = Debug|Any CPU
		{2309206A-8F46-4840-9825-4C183C633CD6}.Debug|Any CPU.Build.0 = Debug|Any CPU
		{2309206A-8F46-4840-9825-4C183C633CD6}.Release|Any CPU.ActiveCfg = Release|Any CPU
		{2309206A-8F46-4840-9825-4C183C633CD6}.Release|Any CPU.Build.0 = Release|Any CPU
		{035AF7A5-A381-44F5-870A-8C2B248BC3E3}.Debug|Any CPU.ActiveCfg = Debug|Any CPU
		{035AF7A5-A381-44F5-870A-8C2B248BC3E3}.Debug|Any CPU.Build.0 = Debug|Any CPU
		{035AF7A5-A381-44F5-870A-8C2B248BC3E3}.Release|Any CPU.ActiveCfg = Release|Any CPU
		{035AF7A5-A381-44F5-870A-8C2B248BC3E3}.Release|Any CPU.Build.0 = Release|Any CPU
		{8AE11144-F933-4F25-8619-345B222D0AA0}.Debug|Any CPU.ActiveCfg = Debug|Any CPU
		{8AE11144-F933-4F25-8619-345B222D0AA0}.Debug|Any CPU.Build.0 = Debug|Any CPU
		{8AE11144-F933-4F25-8619-345B222D0AA0}.Release|Any CPU.ActiveCfg = Release|Any CPU
		{8AE11144-F933-4F25-8619-345B222D0AA0}.Release|Any CPU.Build.0 = Release|Any CPU
		{91132AF4-BB45-47B6-A1EC-8ABDBD7D25FC}.Debug|Any CPU.ActiveCfg = Debug|Any CPU
		{91132AF4-BB45-47B6-A1EC-8ABDBD7D25FC}.Debug|Any CPU.Build.0 = Debug|Any CPU
		{91132AF4-BB45-47B6-A1EC-8ABDBD7D25FC}.Release|Any CPU.ActiveCfg = Release|Any CPU
		{91132AF4-BB45-47B6-A1EC-8ABDBD7D25FC}.Release|Any CPU.Build.0 = Release|Any CPU
		{8EA1DEEF-67D3-4EF3-BA46-2F136D6425CD}.Debug|Any CPU.ActiveCfg = Debug|Any CPU
		{8EA1DEEF-67D3-4EF3-BA46-2F136D6425CD}.Debug|Any CPU.Build.0 = Debug|Any CPU
		{8EA1DEEF-67D3-4EF3-BA46-2F136D6425CD}.Release|Any CPU.ActiveCfg = Release|Any CPU
		{8EA1DEEF-67D3-4EF3-BA46-2F136D6425CD}.Release|Any CPU.Build.0 = Release|Any CPU
		{5BC6F6A9-6771-4042-9CE9-49207B25AD77}.Debug|Any CPU.ActiveCfg = Debug|Any CPU
		{5BC6F6A9-6771-4042-9CE9-49207B25AD77}.Debug|Any CPU.Build.0 = Debug|Any CPU
		{5BC6F6A9-6771-4042-9CE9-49207B25AD77}.Release|Any CPU.ActiveCfg = Release|Any CPU
		{5BC6F6A9-6771-4042-9CE9-49207B25AD77}.Release|Any CPU.Build.0 = Release|Any CPU
	EndGlobalSection
	GlobalSection(SolutionProperties) = preSolution
		HideSolutionNode = FALSE
	EndGlobalSection
	GlobalSection(NestedProjects) = preSolution
		{0CFDC521-82C9-4D5D-8DB1-BF8A08FA5A98} = {A8BCD569-2E80-442F-B37D-961CEFF9D8CC}
		{C9F968AB-79B5-41B7-8E90-3B2C9F0B808B} = {A8BCD569-2E80-442F-B37D-961CEFF9D8CC}
		{30D366AA-8077-4BE7-979D-3D4F0A75CFAE} = {A8BCD569-2E80-442F-B37D-961CEFF9D8CC}
		{1ABC10CE-5532-46BC-BC51-10E052A379A7} = {A8BCD569-2E80-442F-B37D-961CEFF9D8CC}
		{49B39BCD-9483-44D0-83E4-E3209526BE8B} = {A8BCD569-2E80-442F-B37D-961CEFF9D8CC}
		{3EF493AE-B0F5-45F0-98DA-54419307BE53} = {0CFDC521-82C9-4D5D-8DB1-BF8A08FA5A98}
		{D0207F92-2C71-421F-8B73-5A5BABC9A1BE} = {0CFDC521-82C9-4D5D-8DB1-BF8A08FA5A98}
		{86DB2B98-967F-45FF-9371-8C6D61CAB4B9} = {0CFDC521-82C9-4D5D-8DB1-BF8A08FA5A98}
		{7176D8F9-78DB-462C-B51B-C62665E31389} = {0CFDC521-82C9-4D5D-8DB1-BF8A08FA5A98}
		{E49C4689-5DCE-4DF4-BA1A-66E268F41DDB} = {0CFDC521-82C9-4D5D-8DB1-BF8A08FA5A98}
		{7D34D55F-4868-4A1F-B8D1-BD2361F41CA8} = {0CFDC521-82C9-4D5D-8DB1-BF8A08FA5A98}
		{2FFE11AB-7742-476F-B38C-6145704B6D64} = {0CFDC521-82C9-4D5D-8DB1-BF8A08FA5A98}
		{962ECE73-3E25-419C-98B1-37E0049F3A9A} = {0CFDC521-82C9-4D5D-8DB1-BF8A08FA5A98}
		{25C6B5C5-7394-4202-8C4F-9BC1EF8A3D99} = {0CFDC521-82C9-4D5D-8DB1-BF8A08FA5A98}
		{EBB36EA1-C883-4D60-9D62-026FBB1B5859} = {0CFDC521-82C9-4D5D-8DB1-BF8A08FA5A98}
		{DC4FE6CF-752D-45E7-B254-E3D45849B142} = {0CFDC521-82C9-4D5D-8DB1-BF8A08FA5A98}
		{B3BF0D6A-21C5-436C-8836-DD7F35A39633} = {0CFDC521-82C9-4D5D-8DB1-BF8A08FA5A98}
		{C4D24DC9-D017-47CE-ABEA-465BD01831BA} = {C9F968AB-79B5-41B7-8E90-3B2C9F0B808B}
		{3BE26B68-12A2-44E6-AB4B-43CE1C57E36D} = {C9F968AB-79B5-41B7-8E90-3B2C9F0B808B}
		{53C2EA84-0AA1-4675-8541-18BFD4200D78} = {C9F968AB-79B5-41B7-8E90-3B2C9F0B808B}
		{5B18B6C2-2A26-4AAA-BB3F-91FC7A066856} = {C9F968AB-79B5-41B7-8E90-3B2C9F0B808B}
		{DD6D2214-0313-4D22-94E5-0E753C44397A} = {C9F968AB-79B5-41B7-8E90-3B2C9F0B808B}
		{29157FD0-A74D-4C62-8382-0C84E7A1BA3A} = {C9F968AB-79B5-41B7-8E90-3B2C9F0B808B}
		{2DFBE78B-5877-45D4-93A2-DFA5C4A3CB37} = {C9F968AB-79B5-41B7-8E90-3B2C9F0B808B}
		{B657A4F9-DFB7-4D45-B37E-CB5CEE6EF7E8} = {C9F968AB-79B5-41B7-8E90-3B2C9F0B808B}
		{6632A04F-73D3-46A1-A365-E32EAF2E6AB6} = {C9F968AB-79B5-41B7-8E90-3B2C9F0B808B}
		{A619EE35-F932-47D3-A19A-6584B32C2A6F} = {C9F968AB-79B5-41B7-8E90-3B2C9F0B808B}
		{C2C75043-5940-4862-AA37-F7F63891F0E6} = {C9F968AB-79B5-41B7-8E90-3B2C9F0B808B}
		{E8539215-D58C-4FA7-9F79-FAFD96A8F837} = {C9F968AB-79B5-41B7-8E90-3B2C9F0B808B}
		{1A0E5FC0-0B81-4044-B23E-9AC168864A53} = {30D366AA-8077-4BE7-979D-3D4F0A75CFAE}
		{9BE267AD-5974-4A76-9417-F0D79F65C7C5} = {30D366AA-8077-4BE7-979D-3D4F0A75CFAE}
		{5EAE48E5-CE54-4190-B99D-D3288E09DBB5} = {30D366AA-8077-4BE7-979D-3D4F0A75CFAE}
		{16E2663A-1DCA-4043-9D09-4E29471F1298} = {1ABC10CE-5532-46BC-BC51-10E052A379A7}
		{88D505D7-933D-4B0A-8F69-98B83E1B0CDA} = {1ABC10CE-5532-46BC-BC51-10E052A379A7}
		{4F271231-98AB-4233-B900-C998495A75F8} = {1ABC10CE-5532-46BC-BC51-10E052A379A7}
		{2309206A-8F46-4840-9825-4C183C633CD6} = {1ABC10CE-5532-46BC-BC51-10E052A379A7}
		{035AF7A5-A381-44F5-870A-8C2B248BC3E3} = {1ABC10CE-5532-46BC-BC51-10E052A379A7}
		{8AE11144-F933-4F25-8619-345B222D0AA0} = {1ABC10CE-5532-46BC-BC51-10E052A379A7}
		{91132AF4-BB45-47B6-A1EC-8ABDBD7D25FC} = {49B39BCD-9483-44D0-83E4-E3209526BE8B}
		{8EA1DEEF-67D3-4EF3-BA46-2F136D6425CD} = {49B39BCD-9483-44D0-83E4-E3209526BE8B}
		{5BC6F6A9-6771-4042-9CE9-49207B25AD77} = {49B39BCD-9483-44D0-83E4-E3209526BE8B}
	EndGlobalSection
EndGlobal
