
Microsoft Visual Studio Solution File, Format Version 9.00
# Visual Studio 2005
Project("{FAE04EC0-301F-11D3-BF4B-00C04F79EFBC}") = "itextsharp", "..\trunk\src\core\itextsharp.csproj", "{84C4FDD9-3ED7-453B-B9DA-B3ED52CB071C}"
EndProject
Project("{2150E333-8FDC-42A3-9474-1A3956D46DE8}") = "part1", "part1", "{B18FD6BE-72F1-4FE5-8458-260BC289CE3E}"
EndProject
Project("{2150E333-8FDC-42A3-9474-1A3956D46DE8}") = "chapter01", "chapter01", "{7626AAE5-9183-4CD5-B11E-6AAB1F1213EA}"
EndProject
Project("{FAE04EC0-301F-11D3-BF4B-00C04F79EFBC}") = "HelloWorldColumn", "part1\chapter01\HelloWorldColumn\HelloWorldColumn.csproj", "{37ED9D09-81D6-4EC1-AFB2-96BC05909A51}"
EndProject
Project("{FAE04EC0-301F-11D3-BF4B-00C04F79EFBC}") = "HelloWorld", "part1\chapter01\HelloWorld\HelloWorld.csproj", "{43B7308E-2381-42FB-8971-2B33FB0A4625}"
EndProject
Project("{FAE04EC0-301F-11D3-BF4B-00C04F79EFBC}") = "HelloWorldDirect", "part1\chapter01\HelloWorldDirect\HelloWorldDirect.csproj", "{5ACC240F-8E38-4096-89D6-A4552B6AC256}"
EndProject
Project("{FAE04EC0-301F-11D3-BF4B-00C04F79EFBC}") = "HelloWorldLandscape1", "part1\chapter01\HelloWorldLandscape1\HelloWorldLandscape1.csproj", "{7F7A8F23-9C7D-495A-B9D6-E8D1B0896A39}"
EndProject
Project("{FAE04EC0-301F-11D3-BF4B-00C04F79EFBC}") = "HelloWorldLandscape2", "part1\chapter01\HelloWorldLandscape2\HelloWorldLandscape2.csproj", "{D66F84FC-91B1-4F9C-8189-F180E20151F6}"
EndProject
Project("{FAE04EC0-301F-11D3-BF4B-00C04F79EFBC}") = "HelloWorldLetter", "part1\chapter01\HelloWorldLetter\HelloWorldLetter.csproj", "{CB4289CD-69BD-42F4-B9FD-5AF7134705A6}"
EndProject
Project("{FAE04EC0-301F-11D3-BF4B-00C04F79EFBC}") = "HelloWorldMaximum", "part1\chapter01\HelloWorldMaximum\HelloWorldMaximum.csproj", "{C93EA946-E3C6-4C57-85F0-1059C49B3D7F}"
EndProject
Project("{FAE04EC0-301F-11D3-BF4B-00C04F79EFBC}") = "HelloWorldMemory", "part1\chapter01\HelloWorldMemory\HelloWorldMemory.csproj", "{E5DA721E-4A9C-42B8-BB52-338ADC9E3FD6}"
EndProject
Project("{FAE04EC0-301F-11D3-BF4B-00C04F79EFBC}") = "HelloWorldMirroredMargins", "part1\chapter01\HelloWorldMirroredMargins\HelloWorldMirroredMargins.csproj", "{AEBC2158-18FC-491A-A048-5CA5BD4F8C9B}"
EndProject
Project("{FAE04EC0-301F-11D3-BF4B-00C04F79EFBC}") = "HelloWorldMirroredMarginsTop", "part1\chapter01\HelloWorldMirroredMarginsTop\HelloWorldMirroredMarginsTop.csproj", "{0036D8C7-62AA-4634-BEC6-6F8F6EF282AC}"
EndProject
Project("{FAE04EC0-301F-11D3-BF4B-00C04F79EFBC}") = "HelloWorldNarrow", "part1\chapter01\HelloWorldNarrow\HelloWorldNarrow.csproj", "{256603FA-AFAE-4C2B-A3CA-7E9526F1CEB3}"
EndProject
Project("{FAE04EC0-301F-11D3-BF4B-00C04F79EFBC}") = "HelloWorldVersion_1_7", "part1\chapter01\HelloWorldVersion_1_7\HelloWorldVersion_1_7.csproj", "{51C65510-9169-404D-8B01-7AF58753475B}"
EndProject
Project("{FAE04EC0-301F-11D3-BF4B-00C04F79EFBC}") = "HelloWorldOutputStream", "part1\chapter01\HelloWorldOutputStream\HelloWorldOutputStream.csproj", "{D57B20E0-47D5-4A8F-8057-C43A395FF28C}"
EndProject
Global
	GlobalSection(SolutionConfigurationPlatforms) = preSolution
		Debug|Any CPU = Debug|Any CPU
		Release|Any CPU = Release|Any CPU
	EndGlobalSection
	GlobalSection(ProjectConfigurationPlatforms) = postSolution
		{84C4FDD9-3ED7-453B-B9DA-B3ED52CB071C}.Debug|Any CPU.ActiveCfg = Debug|Any CPU
		{84C4FDD9-3ED7-453B-B9DA-B3ED52CB071C}.Debug|Any CPU.Build.0 = Debug|Any CPU
		{84C4FDD9-3ED7-453B-B9DA-B3ED52CB071C}.Release|Any CPU.ActiveCfg = Release|Any CPU
		{84C4FDD9-3ED7-453B-B9DA-B3ED52CB071C}.Release|Any CPU.Build.0 = Release|Any CPU
		{37ED9D09-81D6-4EC1-AFB2-96BC05909A51}.Debug|Any CPU.ActiveCfg = Debug|Any CPU
		{37ED9D09-81D6-4EC1-AFB2-96BC05909A51}.Debug|Any CPU.Build.0 = Debug|Any CPU
		{37ED9D09-81D6-4EC1-AFB2-96BC05909A51}.Release|Any CPU.ActiveCfg = Release|Any CPU
		{37ED9D09-81D6-4EC1-AFB2-96BC05909A51}.Release|Any CPU.Build.0 = Release|Any CPU
		{43B7308E-2381-42FB-8971-2B33FB0A4625}.Debug|Any CPU.ActiveCfg = Debug|Any CPU
		{43B7308E-2381-42FB-8971-2B33FB0A4625}.Debug|Any CPU.Build.0 = Debug|Any CPU
		{43B7308E-2381-42FB-8971-2B33FB0A4625}.Release|Any CPU.ActiveCfg = Release|Any CPU
		{43B7308E-2381-42FB-8971-2B33FB0A4625}.Release|Any CPU.Build.0 = Release|Any CPU
		{5ACC240F-8E38-4096-89D6-A4552B6AC256}.Debug|Any CPU.ActiveCfg = Debug|Any CPU
		{5ACC240F-8E38-4096-89D6-A4552B6AC256}.Debug|Any CPU.Build.0 = Debug|Any CPU
		{5ACC240F-8E38-4096-89D6-A4552B6AC256}.Release|Any CPU.ActiveCfg = Release|Any CPU
		{5ACC240F-8E38-4096-89D6-A4552B6AC256}.Release|Any CPU.Build.0 = Release|Any CPU
		{7F7A8F23-9C7D-495A-B9D6-E8D1B0896A39}.Debug|Any CPU.ActiveCfg = Debug|Any CPU
		{7F7A8F23-9C7D-495A-B9D6-E8D1B0896A39}.Debug|Any CPU.Build.0 = Debug|Any CPU
		{7F7A8F23-9C7D-495A-B9D6-E8D1B0896A39}.Release|Any CPU.ActiveCfg = Release|Any CPU
		{7F7A8F23-9C7D-495A-B9D6-E8D1B0896A39}.Release|Any CPU.Build.0 = Release|Any CPU
		{D66F84FC-91B1-4F9C-8189-F180E20151F6}.Debug|Any CPU.ActiveCfg = Debug|Any CPU
		{D66F84FC-91B1-4F9C-8189-F180E20151F6}.Debug|Any CPU.Build.0 = Debug|Any CPU
		{D66F84FC-91B1-4F9C-8189-F180E20151F6}.Release|Any CPU.ActiveCfg = Release|Any CPU
		{D66F84FC-91B1-4F9C-8189-F180E20151F6}.Release|Any CPU.Build.0 = Release|Any CPU
		{CB4289CD-69BD-42F4-B9FD-5AF7134705A6}.Debug|Any CPU.ActiveCfg = Debug|Any CPU
		{CB4289CD-69BD-42F4-B9FD-5AF7134705A6}.Debug|Any CPU.Build.0 = Debug|Any CPU
		{CB4289CD-69BD-42F4-B9FD-5AF7134705A6}.Release|Any CPU.ActiveCfg = Release|Any CPU
		{CB4289CD-69BD-42F4-B9FD-5AF7134705A6}.Release|Any CPU.Build.0 = Release|Any CPU
		{C93EA946-E3C6-4C57-85F0-1059C49B3D7F}.Debug|Any CPU.ActiveCfg = Debug|Any CPU
		{C93EA946-E3C6-4C57-85F0-1059C49B3D7F}.Debug|Any CPU.Build.0 = Debug|Any CPU
		{C93EA946-E3C6-4C57-85F0-1059C49B3D7F}.Release|Any CPU.ActiveCfg = Release|Any CPU
		{C93EA946-E3C6-4C57-85F0-1059C49B3D7F}.Release|Any CPU.Build.0 = Release|Any CPU
		{E5DA721E-4A9C-42B8-BB52-338ADC9E3FD6}.Debug|Any CPU.ActiveCfg = Debug|Any CPU
		{E5DA721E-4A9C-42B8-BB52-338ADC9E3FD6}.Debug|Any CPU.Build.0 = Debug|Any CPU
		{E5DA721E-4A9C-42B8-BB52-338ADC9E3FD6}.Release|Any CPU.ActiveCfg = Release|Any CPU
		{E5DA721E-4A9C-42B8-BB52-338ADC9E3FD6}.Release|Any CPU.Build.0 = Release|Any CPU
		{AEBC2158-18FC-491A-A048-5CA5BD4F8C9B}.Debug|Any CPU.ActiveCfg = Debug|Any CPU
		{AEBC2158-18FC-491A-A048-5CA5BD4F8C9B}.Debug|Any CPU.Build.0 = Debug|Any CPU
		{AEBC2158-18FC-491A-A048-5CA5BD4F8C9B}.Release|Any CPU.ActiveCfg = Release|Any CPU
		{AEBC2158-18FC-491A-A048-5CA5BD4F8C9B}.Release|Any CPU.Build.0 = Release|Any CPU
		{0036D8C7-62AA-4634-BEC6-6F8F6EF282AC}.Debug|Any CPU.ActiveCfg = Debug|Any CPU
		{0036D8C7-62AA-4634-BEC6-6F8F6EF282AC}.Debug|Any CPU.Build.0 = Debug|Any CPU
		{0036D8C7-62AA-4634-BEC6-6F8F6EF282AC}.Release|Any CPU.ActiveCfg = Release|Any CPU
		{0036D8C7-62AA-4634-BEC6-6F8F6EF282AC}.Release|Any CPU.Build.0 = Release|Any CPU
		{256603FA-AFAE-4C2B-A3CA-7E9526F1CEB3}.Debug|Any CPU.ActiveCfg = Debug|Any CPU
		{256603FA-AFAE-4C2B-A3CA-7E9526F1CEB3}.Debug|Any CPU.Build.0 = Debug|Any CPU
		{256603FA-AFAE-4C2B-A3CA-7E9526F1CEB3}.Release|Any CPU.ActiveCfg = Release|Any CPU
		{256603FA-AFAE-4C2B-A3CA-7E9526F1CEB3}.Release|Any CPU.Build.0 = Release|Any CPU
		{51C65510-9169-404D-8B01-7AF58753475B}.Debug|Any CPU.ActiveCfg = Debug|Any CPU
		{51C65510-9169-404D-8B01-7AF58753475B}.Debug|Any CPU.Build.0 = Debug|Any CPU
		{51C65510-9169-404D-8B01-7AF58753475B}.Release|Any CPU.ActiveCfg = Release|Any CPU
		{51C65510-9169-404D-8B01-7AF58753475B}.Release|Any CPU.Build.0 = Release|Any CPU
		{D57B20E0-47D5-4A8F-8057-C43A395FF28C}.Debug|Any CPU.ActiveCfg = Debug|Any CPU
		{D57B20E0-47D5-4A8F-8057-C43A395FF28C}.Debug|Any CPU.Build.0 = Debug|Any CPU
		{D57B20E0-47D5-4A8F-8057-C43A395FF28C}.Release|Any CPU.ActiveCfg = Release|Any CPU
		{D57B20E0-47D5-4A8F-8057-C43A395FF28C}.Release|Any CPU.Build.0 = Release|Any CPU
	EndGlobalSection
	GlobalSection(SolutionProperties) = preSolution
		HideSolutionNode = FALSE
	EndGlobalSection
	GlobalSection(NestedProjects) = preSolution
		{7626AAE5-9183-4CD5-B11E-6AAB1F1213EA} = {B18FD6BE-72F1-4FE5-8458-260BC289CE3E}
		{37ED9D09-81D6-4EC1-AFB2-96BC05909A51} = {7626AAE5-9183-4CD5-B11E-6AAB1F1213EA}
		{43B7308E-2381-42FB-8971-2B33FB0A4625} = {7626AAE5-9183-4CD5-B11E-6AAB1F1213EA}
		{5ACC240F-8E38-4096-89D6-A4552B6AC256} = {7626AAE5-9183-4CD5-B11E-6AAB1F1213EA}
		{7F7A8F23-9C7D-495A-B9D6-E8D1B0896A39} = {7626AAE5-9183-4CD5-B11E-6AAB1F1213EA}
		{D66F84FC-91B1-4F9C-8189-F180E20151F6} = {7626AAE5-9183-4CD5-B11E-6AAB1F1213EA}
		{CB4289CD-69BD-42F4-B9FD-5AF7134705A6} = {7626AAE5-9183-4CD5-B11E-6AAB1F1213EA}
		{C93EA946-E3C6-4C57-85F0-1059C49B3D7F} = {7626AAE5-9183-4CD5-B11E-6AAB1F1213EA}
		{E5DA721E-4A9C-42B8-BB52-338ADC9E3FD6} = {7626AAE5-9183-4CD5-B11E-6AAB1F1213EA}
		{AEBC2158-18FC-491A-A048-5CA5BD4F8C9B} = {7626AAE5-9183-4CD5-B11E-6AAB1F1213EA}
		{0036D8C7-62AA-4634-BEC6-6F8F6EF282AC} = {7626AAE5-9183-4CD5-B11E-6AAB1F1213EA}
		{256603FA-AFAE-4C2B-A3CA-7E9526F1CEB3} = {7626AAE5-9183-4CD5-B11E-6AAB1F1213EA}
		{51C65510-9169-404D-8B01-7AF58753475B} = {7626AAE5-9183-4CD5-B11E-6AAB1F1213EA}
		{D57B20E0-47D5-4A8F-8057-C43A395FF28C} = {7626AAE5-9183-4CD5-B11E-6AAB1F1213EA}
	EndGlobalSection
EndGlobal
